// !$*UTF8*$!
{
	archiveVersion = 1;
	classes = {
	};
	objectVersion = 56;
	objects = {

/* Begin PBXBuildFile section */
		41E6FF5429BAC0FC00AC4121 /* AppDelegate.swift in Sources */ = {isa = PBXBuildFile; fileRef = 41E6FF5329BAC0FC00AC4121 /* AppDelegate.swift */; };
		41E6FF5629BAC0FC00AC4121 /* SceneDelegate.swift in Sources */ = {isa = PBXBuildFile; fileRef = 41E6FF5529BAC0FC00AC4121 /* SceneDelegate.swift */; };
		41E6FF5D29BAC0FD00AC4121 /* Assets.xcassets in Resources */ = {isa = PBXBuildFile; fileRef = 41E6FF5C29BAC0FD00AC4121 /* Assets.xcassets */; };
		41E6FF6029BAC0FD00AC4121 /* LaunchScreen.storyboard in Resources */ = {isa = PBXBuildFile; fileRef = 41E6FF5E29BAC0FD00AC4121 /* LaunchScreen.storyboard */; };
		41E6FF6829BBD12900AC4121 /* Card_SelectionVC.swift in Sources */ = {isa = PBXBuildFile; fileRef = 41E6FF6729BBD12900AC4121 /* Card_SelectionVC.swift */; };
		41E6FF6A29BBD44F00AC4121 /* Card_Workout_Button.swift in Sources */ = {isa = PBXBuildFile; fileRef = 41E6FF6929BBD44F00AC4121 /* Card_Workout_Button.swift */; };
		41E6FF6C29BBEA1E00AC4121 /* Rules_VC.swift in Sources */ = {isa = PBXBuildFile; fileRef = 41E6FF6B29BBEA1E00AC4121 /* Rules_VC.swift */; };
		41E6FF7329BC025D00AC4121 /* Card_Deck.swift in Sources */ = {isa = PBXBuildFile; fileRef = 41E6FF7229BC025D00AC4121 /* Card_Deck.swift */; };
/* End PBXBuildFile section */

/* Begin PBXFileReference section */
		41E6FF5029BAC0FC00AC4121 /* Card_Work_Out.app */ = {isa = PBXFileReference; explicitFileType = wrapper.application; includeInIndex = 0; path = Card_Work_Out.app; sourceTree = BUILT_PRODUCTS_DIR; };
		41E6FF5329BAC0FC00AC4121 /* AppDelegate.swift */ = {isa = PBXFileReference; lastKnownFileType = sourcecode.swift; path = AppDelegate.swift; sourceTree = "<group>"; };
		41E6FF5529BAC0FC00AC4121 /* SceneDelegate.swift */ = {isa = PBXFileReference; lastKnownFileType = sourcecode.swift; path = SceneDelegate.swift; sourceTree = "<group>"; };
		41E6FF5C29BAC0FD00AC4121 /* Assets.xcassets */ = {isa = PBXFileReference; lastKnownFileType = folder.assetcatalog; path = Assets.xcassets; sourceTree = "<group>"; };
		41E6FF5F29BAC0FD00AC4121 /* Base */ = {isa = PBXFileReference; lastKnownFileType = file.storyboard; name = Base; path = Base.lproj/LaunchScreen.storyboard; sourceTree = "<group>"; };
		41E6FF6129BAC0FD00AC4121 /* Info.plist */ = {isa = PBXFileReference; lastKnownFileType = text.plist.xml; path = Info.plist; sourceTree = "<group>"; };
		41E6FF6729BBD12900AC4121 /* Card_SelectionVC.swift */ = {isa = PBXFileReference; lastKnownFileType = sourcecode.swift; path = Card_SelectionVC.swift; sourceTree = "<group>"; };
		41E6FF6929BBD44F00AC4121 /* Card_Workout_Button.swift */ = {isa = PBXFileReference; lastKnownFileType = sourcecode.swift; path = Card_Workout_Button.swift; sourceTree = "<group>"; };
		41E6FF6B29BBEA1E00AC4121 /* Rules_VC.swift */ = {isa = PBXFileReference; lastKnownFileType = sourcecode.swift; path = Rules_VC.swift; sourceTree = "<group>"; };
		41E6FF7229BC025D00AC4121 /* Card_Deck.swift */ = {isa = PBXFileReference; lastKnownFileType = sourcecode.swift; path = Card_Deck.swift; sourceTree = "<group>"; };
/* End PBXFileReference section */

/* Begin PBXFrameworksBuildPhase section */
		41E6FF4D29BAC0FC00AC4121 /* Frameworks */ = {
			isa = PBXFrameworksBuildPhase;
			buildActionMask = 2147483647;
			files = (
			);
			runOnlyForDeploymentPostprocessing = 0;
		};
/* End PBXFrameworksBuildPhase section */

/* Begin PBXGroup section */
		41E6FF4729BAC0FC00AC4121 = {
			isa = PBXGroup;
			children = (
				41E6FF5229BAC0FC00AC4121 /* Card_Work_Out */,
				41E6FF5129BAC0FC00AC4121 /* Products */,
			);
			sourceTree = "<group>";
		};
		41E6FF5129BAC0FC00AC4121 /* Products */ = {
			isa = PBXGroup;
			children = (
				41E6FF5029BAC0FC00AC4121 /* Card_Work_Out.app */,
			);
			name = Products;
			sourceTree = "<group>";
		};
		41E6FF5229BAC0FC00AC4121 /* Card_Work_Out */ = {
			isa = PBXGroup;
			children = (
				41E6FF7229BC025D00AC4121 /* Card_Deck.swift */,
				41E6FF6929BBD44F00AC4121 /* Card_Workout_Button.swift */,
				41E6FF7129BBEAF800AC4121 /* VView */,
				41E6FF5329BAC0FC00AC4121 /* AppDelegate.swift */,
				41E6FF5529BAC0FC00AC4121 /* SceneDelegate.swift */,
				41E6FF5C29BAC0FD00AC4121 /* Assets.xcassets */,
				41E6FF5E29BAC0FD00AC4121 /* LaunchScreen.storyboard */,
				41E6FF6129BAC0FD00AC4121 /* Info.plist */,
			);
			path = Card_Work_Out;
			sourceTree = "<group>";
		};
		41E6FF7129BBEAF800AC4121 /* VView */ = {
			isa = PBXGroup;
			children = (
				41E6FF6729BBD12900AC4121 /* Card_SelectionVC.swift */,
				41E6FF6B29BBEA1E00AC4121 /* Rules_VC.swift */,
			);
			path = VView;
			sourceTree = "<group>";
		};
/* End PBXGroup section */

/* Begin PBXNativeTarget section */
		41E6FF4F29BAC0FC00AC4121 /* Card_Work_Out */ = {
			isa = PBXNativeTarget;
			buildConfigurationList = 41E6FF6429BAC0FD00AC4121 /* Build configuration list for PBXNativeTarget "Card_Work_Out" */;
			buildPhases = (
				41E6FF4C29BAC0FC00AC4121 /* Sources */,
				41E6FF4D29BAC0FC00AC4121 /* Frameworks */,
				41E6FF4E29BAC0FC00AC4121 /* Resources */,
			);
			buildRules = (
			);
			dependencies = (
			);
			name = Card_Work_Out;
			productName = Card_Work_Out;
			productReference = 41E6FF5029BAC0FC00AC4121 /* Card_Work_Out.app */;
			productType = "com.apple.product-type.application";
		};
/* End PBXNativeTarget section */

/* Begin PBXProject section */
		41E6FF4829BAC0FC00AC4121 /* Project object */ = {
			isa = PBXProject;
			attributes = {
				BuildIndependentTargetsInParallel = 1;
				LastSwiftUpdateCheck = 1420;
				LastUpgradeCheck = 1420;
				TargetAttributes = {
					41E6FF4F29BAC0FC00AC4121 = {
						CreatedOnToolsVersion = 14.2;
					};
				};
			};
			buildConfigurationList = 41E6FF4B29BAC0FC00AC4121 /* Build configuration list for PBXProject "Card_Work_Out" */;
			compatibilityVersion = "Xcode 14.0";
			developmentRegion = en;
			hasScannedForEncodings = 0;
			knownRegions = (
				en,
				Base,
			);
			mainGroup = 41E6FF4729BAC0FC00AC4121;
			productRefGroup = 41E6FF5129BAC0FC00AC4121 /* Products */;
			projectDirPath = "";
			projectRoot = "";
			targets = (
				41E6FF4F29BAC0FC00AC4121 /* Card_Work_Out */,
			);
		};
/* End PBXProject section */

/* Begin PBXResourcesBuildPhase section */
		41E6FF4E29BAC0FC00AC4121 /* Resources */ = {
			isa = PBXResourcesBuildPhase;
			buildActionMask = 2147483647;
			files = (
				41E6FF6029BAC0FD00AC4121 /* LaunchScreen.storyboard in Resources */,
				41E6FF5D29BAC0FD00AC4121 /* Assets.xcassets in Resources */,
			);
			runOnlyForDeploymentPostprocessing = 0;
		};
/* End PBXResourcesBuildPhase section */

/* Begin PBXSourcesBuildPhase section */
		41E6FF4C29BAC0FC00AC4121 /* Sources */ = {
			isa = PBXSourcesBuildPhase;
			buildActionMask = 2147483647;
			files = (
				41E6FF7329BC025D00AC4121 /* Card_Deck.swift in Sources */,
				41E6FF5429BAC0FC00AC4121 /* AppDelegate.swift in Sources */,
				41E6FF6C29BBEA1E00AC4121 /* Rules_VC.swift in Sources */,
				41E6FF6829BBD12900AC4121 /* Card_SelectionVC.swift in Sources */,
				41E6FF5629BAC0FC00AC4121 /* SceneDelegate.swift in Sources */,
				41E6FF6A29BBD44F00AC4121 /* Card_Workout_Button.swift in Sources */,
			);
			runOnlyForDeploymentPostprocessing = 0;
		};
/* End PBXSourcesBuildPhase section */

/* Begin PBXVariantGroup section */
		41E6FF5E29BAC0FD00AC4121 /* LaunchScreen.storyboard */ = {
			isa = PBXVariantGroup;
			children = (
				41E6FF5F29BAC0FD00AC4121 /* Base */,
			);
			name = LaunchScreen.storyboard;
			sourceTree = "<group>";
		};
/* End PBXVariantGroup section */

/* Begin XCBuildConfiguration section */
		41E6FF6229BAC0FD00AC4121 /* Debug */ = {
			isa = XCBuildConfiguration;
			buildSettings = {
				ALWAYS_SEARCH_USER_PATHS = NO;
				CLANG_ANALYZER_NONNULL = YES;
				CLANG_ANALYZER_NUMBER_OBJECT_CONVERSION = YES_AGGRESSIVE;
				CLANG_CXX_LANGUAGE_STANDARD = "gnu++20";
				CLANG_ENABLE_MODULES = YES;
				CLANG_ENABLE_OBJC_ARC = YES;
				CLANG_ENABLE_OBJC_WEAK = YES;
				CLANG_WARN_BLOCK_CAPTURE_AUTORELEASING = YES;
				CLANG_WARN_BOOL_CONVERSION = YES;
				CLANG_WARN_COMMA = YES;
				CLANG_WARN_CONSTANT_CONVERSION = YES;
				CLANG_WARN_DEPRECATED_OBJC_IMPLEMENTATIONS = YES;
				CLANG_WARN_DIRECT_OBJC_ISA_USAGE = YES_ERROR;
				CLANG_WARN_DOCUMENTATION_COMMENTS = YES;
				CLANG_WARN_EMPTY_BODY = YES;
				CLANG_WARN_ENUM_CONVERSION = YES;
				CLANG_WARN_INFINITE_RECURSION = YES;
				CLANG_WARN_INT_CONVERSION = YES;
				CLANG_WARN_NON_LITERAL_NULL_CONVERSION = YES;
				CLANG_WARN_OBJC_IMPLICIT_RETAIN_SELF = YES;
				CLANG_WARN_OBJC_LITERAL_CONVERSION = YES;
				CLANG_WARN_OBJC_ROOT_CLASS = YES_ERROR;
				CLANG_WARN_QUOTED_INCLUDE_IN_FRAMEWORK_HEADER = YES;
				CLANG_WARN_RANGE_LOOP_ANALYSIS = YES;
				CLANG_WARN_STRICT_PROTOTYPES = YES;
				CLANG_WARN_SUSPICIOUS_MOVE = YES;
				CLANG_WARN_UNGUARDED_AVAILABILITY = YES_AGGRESSIVE;
				CLANG_WARN_UNREACHABLE_CODE = YES;
				CLANG_WARN__DUPLICATE_METHOD_MATCH = YES;
				COPY_PHASE_STRIP = NO;
				DEBUG_INFORMATION_FORMAT = dwarf;
				ENABLE_STRICT_OBJC_MSGSEND = YES;
				ENABLE_TESTABILITY = YES;
				GCC_C_LANGUAGE_STANDARD = gnu11;
				GCC_DYNAMIC_NO_PIC = NO;
				GCC_NO_COMMON_BLOCKS = YES;
				GCC_OPTIMIZATION_LEVEL = 0;
				GCC_PREPROCESSOR_DEFINITIONS = (
					"DEBUG=1",
					"$(inherited)",
				);
				GCC_WARN_64_TO_32_BIT_CONVERSION = YES;
				GCC_WARN_ABOUT_RETURN_TYPE = YES_ERROR;
				GCC_WARN_UNDECLARED_SELECTOR = YES;
				GCC_WARN_UNINITIALIZED_AUTOS = YES_AGGRESSIVE;
				GCC_WARN_UNUSED_FUNCTION = YES;
				GCC_WARN_UNUSED_VARIABLE = YES;
				IPHONEOS_DEPLOYMENT_TARGET = 16.2;
				MTL_ENABLE_DEBUG_INFO = INCLUDE_SOURCE;
				MTL_FAST_MATH = YES;
				ONLY_ACTIVE_ARCH = YES;
				SDKROOT = iphoneos;
				SWIFT_ACTIVE_COMPILATION_CONDITIONS = DEBUG;
				SWIFT_OPTIMIZATION_LEVEL = "-Onone";
			};
			name = Debug;
		};
		41E6FF6329BAC0FD00AC4121 /* Release */ = {
			isa = XCBuildConfiguration;
			buildSettings = {
				ALWAYS_SEARCH_USER_PATHS = NO;
				CLANG_ANALYZER_NONNULL = YES;
				CLANG_ANALYZER_NUMBER_OBJECT_CONVERSION = YES_AGGRESSIVE;
				CLANG_CXX_LANGUAGE_STANDARD = "gnu++20";
				CLANG_ENABLE_MODULES = YES;
				CLANG_ENABLE_OBJC_ARC = YES;
				CLANG_ENABLE_OBJC_WEAK = YES;
				CLANG_WARN_BLOCK_CAPTURE_AUTORELEASING = YES;
				CLANG_WARN_BOOL_CONVERSION = YES;
				CLANG_WARN_COMMA = YES;
				CLANG_WARN_CONSTANT_CONVERSION = YES;
				CLANG_WARN_DEPRECATED_OBJC_IMPLEMENTATIONS = YES;
				CLANG_WARN_DIRECT_OBJC_ISA_USAGE = YES_ERROR;
				CLANG_WARN_DOCUMENTATION_COMMENTS = YES;
				CLANG_WARN_EMPTY_BODY = YES;
				CLANG_WARN_ENUM_CONVERSION = YES;
				CLANG_WARN_INFINITE_RECURSION = YES;
				CLANG_WARN_INT_CONVERSION = YES;
				CLANG_WARN_NON_LITERAL_NULL_CONVERSION = YES;
				CLANG_WARN_OBJC_IMPLICIT_RETAIN_SELF = YES;
				CLANG_WARN_OBJC_LITERAL_CONVERSION = YES;
				CLANG_WARN_OBJC_ROOT_CLASS = YES_ERROR;
				CLANG_WARN_QUOTED_INCLUDE_IN_FRAMEWORK_HEADER = YES;
				CLANG_WARN_RANGE_LOOP_ANALYSIS = YES;
				CLANG_WARN_STRICT_PROTOTYPES = YES;
				CLANG_WARN_SUSPICIOUS_MOVE = YES;
				CLANG_WARN_UNGUARDED_AVAILABILITY = YES_AGGRESSIVE;
				CLANG_WARN_UNREACHABLE_CODE = YES;
				CLANG_WARN__DUPLICATE_METHOD_MATCH = YES;
				COPY_PHASE_STRIP = NO;
				DEBUG_INFORMATION_FORMAT = "dwarf-with-dsym";
				ENABLE_NS_ASSERTIONS = NO;
				ENABLE_STRICT_OBJC_MSGSEND = YES;
				GCC_C_LANGUAGE_STANDARD = gnu11;
				GCC_NO_COMMON_BLOCKS = YES;
				GCC_WARN_64_TO_32_BIT_CONVERSION = YES;
				GCC_WARN_ABOUT_RETURN_TYPE = YES_ERROR;
				GCC_WARN_UNDECLARED_SELECTOR = YES;
				GCC_WARN_UNINITIALIZED_AUTOS = YES_AGGRESSIVE;
				GCC_WARN_UNUSED_FUNCTION = YES;
				GCC_WARN_UNUSED_VARIABLE = YES;
				IPHONEOS_DEPLOYMENT_TARGET = 16.2;
				MTL_ENABLE_DEBUG_INFO = NO;
				MTL_FAST_MATH = YES;
				SDKROOT = iphoneos;
				SWIFT_COMPILATION_MODE = wholemodule;
				SWIFT_OPTIMIZATION_LEVEL = "-O";
				VALIDATE_PRODUCT = YES;
			};
			name = Release;
		};
		41E6FF6529BAC0FD00AC4121 /* Debug */ = {
			isa = XCBuildConfiguration;
			buildSettings = {
				ASSETCATALOG_COMPILER_APPICON_NAME = AppIcon;
				ASSETCATALOG_COMPILER_GLOBAL_ACCENT_COLOR_NAME = AccentColor;
				CODE_SIGN_STYLE = Automatic;
				CURRENT_PROJECT_VERSION = 1;
				DEVELOPMENT_TEAM = CWCBRR328H;
				GENERATE_INFOPLIST_FILE = YES;
				INFOPLIST_FILE = Card_Work_Out/Info.plist;
				INFOPLIST_KEY_UIApplicationSupportsIndirectInputEvents = YES;
				INFOPLIST_KEY_UILaunchStoryboardName = LaunchScreen;
				INFOPLIST_KEY_UIMainStoryboardFile = Main;
				INFOPLIST_KEY_UISupportedInterfaceOrientations_iPad = "UIInterfaceOrientationPortrait UIInterfaceOrientationPortraitUpsideDown UIInterfaceOrientationLandscapeLeft UIInterfaceOrientationLandscapeRight";
				INFOPLIST_KEY_UISupportedInterfaceOrientations_iPhone = "UIInterfaceOrientationPortrait UIInterfaceOrientationLandscapeLeft UIInterfaceOrientationLandscapeRight";
				LD_RUNPATH_SEARCH_PATHS = (
					"$(inherited)",
					"@executable_path/Frameworks",
				);
				MARKETING_VERSION = 1.0;
				PRODUCT_BUNDLE_IDENTIFIER = "com.example.Card-Work-Out";
				PRODUCT_NAME = "$(TARGET_NAME)";
				SWIFT_EMIT_LOC_STRINGS = YES;
				SWIFT_VERSION = 5.0;
				TARGETED_DEVICE_FAMILY = "1,2";
			};
			name = Debug;
		};
		41E6FF6629BAC0FD00AC4121 /* Release */ = {
			isa = XCBuildConfiguration;
			buildSettings = {
				ASSETCATALOG_COMPILER_APPICON_NAME = AppIcon;
				ASSETCATALOG_COMPILER_GLOBAL_ACCENT_COLOR_NAME = AccentColor;
				CODE_SIGN_STYLE = Automatic;
				CURRENT_PROJECT_VERSION = 1;
				DEVELOPMENT_TEAM = CWCBRR328H;
				GENERATE_INFOPLIST_FILE = YES;
				INFOPLIST_FILE = Card_Work_Out/Info.plist;
				INFOPLIST_KEY_UIApplicationSupportsIndirectInputEvents = YES;
				INFOPLIST_KEY_UILaunchStoryboardName = LaunchScreen;
				INFOPLIST_KEY_UIMainStoryboardFile = Main;
				INFOPLIST_KEY_UISupportedInterfaceOrientations_iPad = "UIInterfaceOrientationPortrait UIInterfaceOrientationPortraitUpsideDown UIInterfaceOrientationLandscapeLeft UIInterfaceOrientationLandscapeRight";
				INFOPLIST_KEY_UISupportedInterfaceOrientations_iPhone = "UIInterfaceOrientationPortrait UIInterfaceOrientationLandscapeLeft UIInterfaceOrientationLandscapeRight";
				LD_RUNPATH_SEARCH_PATHS = (
					"$(inherited)",
					"@executable_path/Frameworks",
				);
				MARKETING_VERSION = 1.0;
				PRODUCT_BUNDLE_IDENTIFIER = "com.example.Card-Work-Out";
				PRODUCT_NAME = "$(TARGET_NAME)";
				SWIFT_EMIT_LOC_STRINGS = YES;
				SWIFT_VERSION = 5.0;
				TARGETED_DEVICE_FAMILY = "1,2";
			};
			name = Release;
		};
/* End XCBuildConfiguration section */

/* Begin XCConfigurationList section */
		41E6FF4B29BAC0FC00AC4121 /* Build configuration list for PBXProject "Card_Work_Out" */ = {
			isa = XCConfigurationList;
			buildConfigurations = (
				41E6FF6229BAC0FD00AC4121 /* Debug */,
				41E6FF6329BAC0FD00AC4121 /* Release */,
			);
			defaultConfigurationIsVisible = 0;
			defaultConfigurationName = Release;
		};
		41E6FF6429BAC0FD00AC4121 /* Build configuration list for PBXNativeTarget "Card_Work_Out" */ = {
			isa = XCConfigurationList;
			buildConfigurations = (
				41E6FF6529BAC0FD00AC4121 /* Debug */,
				41E6FF6629BAC0FD00AC4121 /* Release */,
			);
			defaultConfigurationIsVisible = 0;
			defaultConfigurationName = Release;
		};
/* End XCConfigurationList section */
	};
	rootObject = 41E6FF4829BAC0FC00AC4121 /* Project object */;
}
